android-sdk	-
aspire	-
aspire-gc	-
bash-config	-
bitwarden	-
bruno	-
build-tools	-
chezmoi	-
claude-code	-
codecs	-
data-services	-
ddev	-
devops-lsp	-
devops-tools	-
dnf-tune	-
docker	-
dotfiles	-
dotnet-lsp	-
dotnet-sdk	-
expo	-
fedora-third-party	-
ffmpeg-full	-
flameshot	-
flatpak	-
fresh	-
fresh-lsp	-
gh	-
ghostty	-
gnome-aesthetics-bundle	-
gnome-extensions	-
gnome-manager-apps	-
gnome-settings	-
gnome-theme-bundle	-
laravel-lsp	-
localsend	-
mise	-
nerd-fonts	-
obsidian	-
obsidian-sync	-
openh264	-
python-lsp	-
rpmfusion	-
secrets	-
ssh-setup	-
starship	-
tpm	-
uv	-
va-hwaccel	-
vlc	-
vscode	-
web-lsp	-
web-runtimes	-
