android-sdk	-
aspire	-
aspire-gc	-
bash-config	-
bitwarden	-
bruno	-
btrfs-assistant	-
btrfsmaintenance	-
build-tools	-
chezmoi	-
claude-code	-
codecs	-
cuda	-
data-services	-
ddev	-
devops-lsp	-
devops-tools	-
dnf-automatic-security	-
dnf-tune	-
docker	-
dotfiles	-
dotnet-lsp	-
dotnet-sdk	-
earlyoom	-
expo	-
fedora-third-party	-
ffmpeg-full	-
flameshot	-
flatpak	-
fresh	-
fresh-lsp	-
fwupd	-
gh	-
ghostty	-
gnome-aesthetics-bundle	-
gnome-extensions	-
gnome-manager-apps	-
gnome-settings	-
gnome-theme-bundle	-
gpu-detect	-
grub-btrfs	-
jetbrains-toolbox	-
laravel-lsp	-
libva-nvidia-driver	-
localsend	-
mise	-
neovim	-
nerd-fonts	-
nvidia-akmod	-
nvidia-container-toolkit	-
nvidia-resign-service	-
obsidian	-
obsidian-sync	-
openh264	-
power-profiles-daemon	-
python-lsp	-
restic-backup	-
rpmfusion	-
secrets	-
secureboot-mok	-
smartmontools	-
snapper	-
snapper-dnf-hook	-
ssh-setup	-
starship	-
thermald	-
tpm	-
uv	-
va-hwaccel	-
vlc	-
vscode	-
web-lsp	-
web-runtimes	-
