aerospace	-
agent-sudo	-
alt-tab	-
android-emulator	-
android-sdk	-
android-studio	-
aspire	-
aspire-gc	-
atuin	-
bash	-
bash-config	-
bat	-
bitwarden	-
browser-mcp	-
browser-view	-
bruno	-
btop	-
btrfs-assistant	-
btrfsmaintenance	-
build-tools	-
caddy	-
chezmoi	-
chezmoi-repo	-
claude-code	-
claude-mcp	-
claude-notify	-
claude-plugins	-
claude-skills	-
claude-statusline	-
code-server	-
codecs	-
codecs-ubuntu	-
codex-code	-
codex-config	-
codex-mcp	-
codex-plugins	-
codex-skills	-
coreutils	-
crossarch-build	-
cuda	-
curl	-
data-services	-
ddev	-
ddev-remote	-
delta	-
devops-lsp	-
devops-tools	-
direnv	-
dnf-automatic-security	-
dnf-tune	-
docker	-
docker-build-gc	-
dotfiles	-
dotnet-lsp	-
dotnet-sdk	-
duf	-
dust	-
earlyoom	-
expo	-
expo-orbit	-
eza	-
fastfetch	-
fd	-
fedora-third-party	-
ffmpeg-full	-
ffmpeg-ubuntu	-
flameshot	-
flatpak	-
fresh	-
fresh-lsp	-
fwupd	-
fzf	-
gearlever	-
gh	-
ghostty	-
git	-
glow	-
gnome-aesthetics-bundle	-
gnome-extensions	-
gnome-manager-apps	-
gnome-settings	-
gnome-theme-bundle	-
gpu-detect	-
grub-btrfs	-
herd	-
herdr	-
herdr-plugins	-
homebrew	-
htop	-
ios-tooling	-
jetbrains-toolbox	-
jq	-
keka	-
keycastr	-
laravel-lsp	-
lazydocker	-
lazygit	-
libva-nvidia-driver	-
linearmouse	-
lm-studio	-
localsend	-
maccy	-
macos-defaults	-
macos-firewall	-
macos-limits	-
mise	-
monitorcontrol	-
mosh	-
neovim	-
nerd-fonts	-
nvidia-akmod	-
nvidia-container-toolkit	-
nvidia-driver-ubuntu	-
nvidia-resign-service	-
obsidian	-
obsidian-sync	-
ollama-app	-
omarchy-update-hook	-
openh264	-
orca-ide	-
orca-serve	-
pass	-
pass-store	-
pearcleaner	-
pi-harness	-
playwright	-
power-profiles-daemon	-
python-lsp	-
quicklook	-
raycast	-
restic-b2	-
restic-backup	-
ripgrep	-
rosetta	-
rpmfusion	-
sd	-
secrets	-
secureboot-mok	-
server-firewall	-
smartmontools	-
snapper	-
snapper-dnf-hook	-
ssh-setup	-
starship	-
stats	-
superfile	-
swapfile	-
tailscale	-
tealdeer	-
thaw	-
thermald	-
timemachine-exclusions	-
tmux	-
tmux-persist	-
tpm	-
unzip	-
utiluti	-
uv	-
va-hwaccel	-
vlc	-
voxtype	-
voxtype-arabic	-
vscode	-
web-lsp	-
web-runtimes	-
wezterm	-
wget	-
wl-clipboard	-
xcode	-
xcode-clt	-
xcodes	-
yq	-
zed	-
zoxide	-
zram	-
zsh-config	-
zsh-plugins	-
